
Microsoft Visual Studio Solution File, Format Version 10.00
# Visual Studio 2008
Project("{FAE04EC0-301F-11D3-BF4B-00C04F79EFBC}") = "AaltoTLS", "AaltoTLS\AaltoTLS.csproj", "{C033352F-FD43-4EFF-8EBF-997540C2EA37}"
EndProject
Project("{FAE04EC0-301F-11D3-BF4B-00C04F79EFBC}") = "AaltoTLS.PluginInterface", "AaltoTLS.PluginInterface\AaltoTLS.PluginInterface.csproj", "{D0645774-D12E-4435-8EFB-6326F9DDDA4F}"
EndProject
Project("{FAE04EC0-301F-11D3-BF4B-00C04F79EFBC}") = "TLSClient", "Samples\TLSClient\TLSClient.csproj", "{84439612-63CB-4719-9B94-EA4273D0487E}"
EndProject
Project("{FAE04EC0-301F-11D3-BF4B-00C04F79EFBC}") = "TLSServer", "Samples\TLSServer\TLSServer.csproj", "{E62421FA-6341-402F-B30A-3E8AF1C96DB1}"
EndProject
Project("{FAE04EC0-301F-11D3-BF4B-00C04F79EFBC}") = "PEM2XML", "Utils\PEM2XML\PEM2XML.csproj", "{05B81E0A-394F-48FA-A6DB-DCF69F7D6637}"
EndProject
Project("{FAE04EC0-301F-11D3-BF4B-00C04F79EFBC}") = "TLSRecordHandlerTest", "Samples\TLSRecordHandlerTest\TLSRecordHandlerTest.csproj", "{C3841C79-B4E3-4BF9-BBED-B243AB9010C3}"
EndProject
Project("{FAE04EC0-301F-11D3-BF4B-00C04F79EFBC}") = "PEM2CNG", "Utils\PEM2CNG\PEM2CNG.csproj", "{73076F85-B1CA-4597-8E91-7A4727385274}"
EndProject
Project("{FAE04EC0-301F-11D3-BF4B-00C04F79EFBC}") = "NUnitPlugins", "NUnitPlugins\NUnitPlugins.csproj", "{5E471F4A-F499-423E-BF0F-B4F8535270CB}"
EndProject
Project("{FAE04EC0-301F-11D3-BF4B-00C04F79EFBC}") = "NUnit", "NUnit\NUnit.csproj", "{58C5EEFE-9F06-42FF-A8F9-A50F66CA03A3}"
EndProject
Project("{2150E333-8FDC-42A3-9474-1A3956D46DE8}") = "Plugins", "Plugins", "{DE1EE0F0-E214-48E2-A827-98279ADD7CF5}"
EndProject
Project("{FAE04EC0-301F-11D3-BF4B-00C04F79EFBC}") = "ARCFourCipherSuitePlugin", "Plugins\ARCFourCipherSuitePlugin\ARCFourCipherSuitePlugin.csproj", "{E08C0248-F57B-4D41-851E-E879E77C133A}"
EndProject
Project("{FAE04EC0-301F-11D3-BF4B-00C04F79EFBC}") = "ARIACipherSuitePlugin", "Plugins\ARIACipherSuitePlugin\ARIACipherSuitePlugin.csproj", "{E07D13DA-3CD4-4F6F-BBD2-A7B3AFB34702}"
EndProject
Project("{FAE04EC0-301F-11D3-BF4B-00C04F79EFBC}") = "BaseCipherSuitePlugin", "Plugins\BaseCipherSuitePlugin\BaseCipherSuitePlugin.csproj", "{CE14D5EC-C866-409A-AB58-EADBCFC14F22}"
EndProject
Project("{FAE04EC0-301F-11D3-BF4B-00C04F79EFBC}") = "BigIntegerCipherSuitePlugin", "Plugins\BigIntegerCipherSuitePlugin\BigIntegerCipherSuitePlugin.csproj", "{DD5AAA25-8166-4A7B-8CF9-CE144D98D28C}"
EndProject
Project("{FAE04EC0-301F-11D3-BF4B-00C04F79EFBC}") = "BouncyCastleCipherSuitePlugin", "Plugins\BouncyCastleCipherSuitePlugin\BouncyCastleCipherSuitePlugin.csproj", "{1EF9C0F1-E129-47F8-992A-0D712BFB7431}"
EndProject
Global
	GlobalSection(SolutionConfigurationPlatforms) = preSolution
		Debug|Any CPU = Debug|Any CPU
		Release|Any CPU = Release|Any CPU
		Default|Any CPU = Default|Any CPU
	EndGlobalSection
	GlobalSection(ProjectConfigurationPlatforms) = postSolution
		{05B81E0A-394F-48FA-A6DB-DCF69F7D6637}.Debug|Any CPU.ActiveCfg = Debug|Any CPU
		{05B81E0A-394F-48FA-A6DB-DCF69F7D6637}.Debug|Any CPU.Build.0 = Debug|Any CPU
		{05B81E0A-394F-48FA-A6DB-DCF69F7D6637}.Release|Any CPU.ActiveCfg = Release|Any CPU
		{05B81E0A-394F-48FA-A6DB-DCF69F7D6637}.Release|Any CPU.Build.0 = Release|Any CPU
		{1EF9C0F1-E129-47F8-992A-0D712BFB7431}.Debug|Any CPU.ActiveCfg = Debug|Any CPU
		{1EF9C0F1-E129-47F8-992A-0D712BFB7431}.Debug|Any CPU.Build.0 = Debug|Any CPU
		{1EF9C0F1-E129-47F8-992A-0D712BFB7431}.Default|Any CPU.ActiveCfg = Debug|Any CPU
		{1EF9C0F1-E129-47F8-992A-0D712BFB7431}.Default|Any CPU.Build.0 = Debug|Any CPU
		{1EF9C0F1-E129-47F8-992A-0D712BFB7431}.Release|Any CPU.ActiveCfg = Release|Any CPU
		{1EF9C0F1-E129-47F8-992A-0D712BFB7431}.Release|Any CPU.Build.0 = Release|Any CPU
		{58C5EEFE-9F06-42FF-A8F9-A50F66CA03A3}.Debug|Any CPU.ActiveCfg = Debug|Any CPU
		{58C5EEFE-9F06-42FF-A8F9-A50F66CA03A3}.Debug|Any CPU.Build.0 = Debug|Any CPU
		{58C5EEFE-9F06-42FF-A8F9-A50F66CA03A3}.Default|Any CPU.ActiveCfg = Debug|Any CPU
		{58C5EEFE-9F06-42FF-A8F9-A50F66CA03A3}.Default|Any CPU.Build.0 = Debug|Any CPU
		{58C5EEFE-9F06-42FF-A8F9-A50F66CA03A3}.Release|Any CPU.ActiveCfg = Release|Any CPU
		{58C5EEFE-9F06-42FF-A8F9-A50F66CA03A3}.Release|Any CPU.Build.0 = Release|Any CPU
		{5E471F4A-F499-423E-BF0F-B4F8535270CB}.Debug|Any CPU.ActiveCfg = Debug|Any CPU
		{5E471F4A-F499-423E-BF0F-B4F8535270CB}.Debug|Any CPU.Build.0 = Debug|Any CPU
		{5E471F4A-F499-423E-BF0F-B4F8535270CB}.Default|Any CPU.ActiveCfg = Debug|Any CPU
		{5E471F4A-F499-423E-BF0F-B4F8535270CB}.Default|Any CPU.Build.0 = Debug|Any CPU
		{5E471F4A-F499-423E-BF0F-B4F8535270CB}.Release|Any CPU.ActiveCfg = Release|Any CPU
		{5E471F4A-F499-423E-BF0F-B4F8535270CB}.Release|Any CPU.Build.0 = Release|Any CPU
		{73076F85-B1CA-4597-8E91-7A4727385274}.Debug|Any CPU.ActiveCfg = Debug|Any CPU
		{73076F85-B1CA-4597-8E91-7A4727385274}.Debug|Any CPU.Build.0 = Debug|Any CPU
		{73076F85-B1CA-4597-8E91-7A4727385274}.Release|Any CPU.ActiveCfg = Release|Any CPU
		{73076F85-B1CA-4597-8E91-7A4727385274}.Release|Any CPU.Build.0 = Release|Any CPU
		{84439612-63CB-4719-9B94-EA4273D0487E}.Debug|Any CPU.ActiveCfg = Debug|Any CPU
		{84439612-63CB-4719-9B94-EA4273D0487E}.Debug|Any CPU.Build.0 = Debug|Any CPU
		{84439612-63CB-4719-9B94-EA4273D0487E}.Release|Any CPU.ActiveCfg = Release|Any CPU
		{84439612-63CB-4719-9B94-EA4273D0487E}.Release|Any CPU.Build.0 = Release|Any CPU
		{C033352F-FD43-4EFF-8EBF-997540C2EA37}.Debug|Any CPU.ActiveCfg = Debug|Any CPU
		{C033352F-FD43-4EFF-8EBF-997540C2EA37}.Debug|Any CPU.Build.0 = Debug|Any CPU
		{C033352F-FD43-4EFF-8EBF-997540C2EA37}.Release|Any CPU.ActiveCfg = Release|Any CPU
		{C033352F-FD43-4EFF-8EBF-997540C2EA37}.Release|Any CPU.Build.0 = Release|Any CPU
		{C3841C79-B4E3-4BF9-BBED-B243AB9010C3}.Debug|Any CPU.ActiveCfg = Debug|Any CPU
		{C3841C79-B4E3-4BF9-BBED-B243AB9010C3}.Debug|Any CPU.Build.0 = Debug|Any CPU
		{C3841C79-B4E3-4BF9-BBED-B243AB9010C3}.Release|Any CPU.ActiveCfg = Release|Any CPU
		{C3841C79-B4E3-4BF9-BBED-B243AB9010C3}.Release|Any CPU.Build.0 = Release|Any CPU
		{CE14D5EC-C866-409A-AB58-EADBCFC14F22}.Debug|Any CPU.ActiveCfg = Debug|Any CPU
		{CE14D5EC-C866-409A-AB58-EADBCFC14F22}.Debug|Any CPU.Build.0 = Debug|Any CPU
		{CE14D5EC-C866-409A-AB58-EADBCFC14F22}.Default|Any CPU.ActiveCfg = Debug|Any CPU
		{CE14D5EC-C866-409A-AB58-EADBCFC14F22}.Default|Any CPU.Build.0 = Debug|Any CPU
		{CE14D5EC-C866-409A-AB58-EADBCFC14F22}.Release|Any CPU.ActiveCfg = Release|Any CPU
		{CE14D5EC-C866-409A-AB58-EADBCFC14F22}.Release|Any CPU.Build.0 = Release|Any CPU
		{D0645774-D12E-4435-8EFB-6326F9DDDA4F}.Debug|Any CPU.ActiveCfg = Debug|Any CPU
		{D0645774-D12E-4435-8EFB-6326F9DDDA4F}.Debug|Any CPU.Build.0 = Debug|Any CPU
		{D0645774-D12E-4435-8EFB-6326F9DDDA4F}.Release|Any CPU.ActiveCfg = Release|Any CPU
		{D0645774-D12E-4435-8EFB-6326F9DDDA4F}.Release|Any CPU.Build.0 = Release|Any CPU
		{DD5AAA25-8166-4A7B-8CF9-CE144D98D28C}.Debug|Any CPU.ActiveCfg = Debug|Any CPU
		{DD5AAA25-8166-4A7B-8CF9-CE144D98D28C}.Debug|Any CPU.Build.0 = Debug|Any CPU
		{DD5AAA25-8166-4A7B-8CF9-CE144D98D28C}.Default|Any CPU.ActiveCfg = Debug|Any CPU
		{DD5AAA25-8166-4A7B-8CF9-CE144D98D28C}.Default|Any CPU.Build.0 = Debug|Any CPU
		{DD5AAA25-8166-4A7B-8CF9-CE144D98D28C}.Release|Any CPU.ActiveCfg = Release|Any CPU
		{DD5AAA25-8166-4A7B-8CF9-CE144D98D28C}.Release|Any CPU.Build.0 = Release|Any CPU
		{E07D13DA-3CD4-4F6F-BBD2-A7B3AFB34702}.Debug|Any CPU.ActiveCfg = Debug|Any CPU
		{E07D13DA-3CD4-4F6F-BBD2-A7B3AFB34702}.Debug|Any CPU.Build.0 = Debug|Any CPU
		{E07D13DA-3CD4-4F6F-BBD2-A7B3AFB34702}.Default|Any CPU.ActiveCfg = Debug|Any CPU
		{E07D13DA-3CD4-4F6F-BBD2-A7B3AFB34702}.Default|Any CPU.Build.0 = Debug|Any CPU
		{E07D13DA-3CD4-4F6F-BBD2-A7B3AFB34702}.Release|Any CPU.ActiveCfg = Release|Any CPU
		{E07D13DA-3CD4-4F6F-BBD2-A7B3AFB34702}.Release|Any CPU.Build.0 = Release|Any CPU
		{E08C0248-F57B-4D41-851E-E879E77C133A}.Debug|Any CPU.ActiveCfg = Debug|Any CPU
		{E08C0248-F57B-4D41-851E-E879E77C133A}.Debug|Any CPU.Build.0 = Debug|Any CPU
		{E08C0248-F57B-4D41-851E-E879E77C133A}.Default|Any CPU.ActiveCfg = Debug|Any CPU
		{E08C0248-F57B-4D41-851E-E879E77C133A}.Default|Any CPU.Build.0 = Debug|Any CPU
		{E08C0248-F57B-4D41-851E-E879E77C133A}.Release|Any CPU.ActiveCfg = Release|Any CPU
		{E08C0248-F57B-4D41-851E-E879E77C133A}.Release|Any CPU.Build.0 = Release|Any CPU
		{E62421FA-6341-402F-B30A-3E8AF1C96DB1}.Debug|Any CPU.ActiveCfg = Debug|Any CPU
		{E62421FA-6341-402F-B30A-3E8AF1C96DB1}.Debug|Any CPU.Build.0 = Debug|Any CPU
		{E62421FA-6341-402F-B30A-3E8AF1C96DB1}.Release|Any CPU.ActiveCfg = Release|Any CPU
		{E62421FA-6341-402F-B30A-3E8AF1C96DB1}.Release|Any CPU.Build.0 = Release|Any CPU
	EndGlobalSection
	GlobalSection(NestedProjects) = preSolution
		{E08C0248-F57B-4D41-851E-E879E77C133A} = {DE1EE0F0-E214-48E2-A827-98279ADD7CF5}
		{E07D13DA-3CD4-4F6F-BBD2-A7B3AFB34702} = {DE1EE0F0-E214-48E2-A827-98279ADD7CF5}
		{CE14D5EC-C866-409A-AB58-EADBCFC14F22} = {DE1EE0F0-E214-48E2-A827-98279ADD7CF5}
		{DD5AAA25-8166-4A7B-8CF9-CE144D98D28C} = {DE1EE0F0-E214-48E2-A827-98279ADD7CF5}
		{1EF9C0F1-E129-47F8-992A-0D712BFB7431} = {DE1EE0F0-E214-48E2-A827-98279ADD7CF5}
	EndGlobalSection
	GlobalSection(MonoDevelopProperties) = preSolution
		StartupItem = Samples\TLSClient\TLSClient.csproj
	EndGlobalSection
EndGlobal
